
Microsoft Visual Studio Solution File, Format Version 12.00
# Visual Studio 15
VisualStudioVersion = 15.0.28307.539
MinimumVisualStudioVersion = 10.0.40219.1
Project("{9A19103F-16F7-4668-BE54-9A1E7A4F7556}") = "PresentationLayer", "KillerAppS2\PresentationLayer.csproj", "{D8573F3B-63E7-4A21-826D-2BCDB3DEFCA6}"
EndProject
Project("{9A19103F-16F7-4668-BE54-9A1E7A4F7556}") = "DataLayer", "DataAccess\DataLayer.csproj", "{484654EE-EB93-4185-A9BF-E350B445CA8B}"
EndProject
Project("{9A19103F-16F7-4668-BE54-9A1E7A4F7556}") = "ServiceLayer", "GeneralAccess\ServiceLayer.csproj", "{D182166D-7E27-4F01-A4F8-6BAB14C058BB}"
EndProject
Project("{9A19103F-16F7-4668-BE54-9A1E7A4F7556}") = "ModelLayer", "ModelLayer\ModelLayer.csproj", "{14458CB3-AE70-4E71-9DC9-EB118B69CC30}"
EndProject
Project("{FAE04EC0-301F-11D3-BF4B-00C04F79EFBC}") = "LogicLayer", "LogicLayer\LogicLayer.csproj", "{8BC74244-15D6-4E3C-BA9A-2D3ED68287C5}"
EndProject
Global
	GlobalSection(SolutionConfigurationPlatforms) = preSolution
		Debug|Any CPU = Debug|Any CPU
		Release|Any CPU = Release|Any CPU
	EndGlobalSection
	GlobalSection(ProjectConfigurationPlatforms) = postSolution
		{D8573F3B-63E7-4A21-826D-2BCDB3DEFCA6}.Debug|Any CPU.ActiveCfg = Debug|Any CPU
		{D8573F3B-63E7-4A21-826D-2BCDB3DEFCA6}.Debug|Any CPU.Build.0 = Debug|Any CPU
		{D8573F3B-63E7-4A21-826D-2BCDB3DEFCA6}.Release|Any CPU.ActiveCfg = Release|Any CPU
		{D8573F3B-63E7-4A21-826D-2BCDB3DEFCA6}.Release|Any CPU.Build.0 = Release|Any CPU
		{484654EE-EB93-4185-A9BF-E350B445CA8B}.Debug|Any CPU.ActiveCfg = Debug|Any CPU
		{484654EE-EB93-4185-A9BF-E350B445CA8B}.Debug|Any CPU.Build.0 = Debug|Any CPU
		{484654EE-EB93-4185-A9BF-E350B445CA8B}.Release|Any CPU.ActiveCfg = Release|Any CPU
		{484654EE-EB93-4185-A9BF-E350B445CA8B}.Release|Any CPU.Build.0 = Release|Any CPU
		{D182166D-7E27-4F01-A4F8-6BAB14C058BB}.Debug|Any CPU.ActiveCfg = Debug|Any CPU
		{D182166D-7E27-4F01-A4F8-6BAB14C058BB}.Debug|Any CPU.Build.0 = Debug|Any CPU
		{D182166D-7E27-4F01-A4F8-6BAB14C058BB}.Release|Any CPU.ActiveCfg = Release|Any CPU
		{D182166D-7E27-4F01-A4F8-6BAB14C058BB}.Release|Any CPU.Build.0 = Release|Any CPU
		{14458CB3-AE70-4E71-9DC9-EB118B69CC30}.Debug|Any CPU.ActiveCfg = Debug|Any CPU
		{14458CB3-AE70-4E71-9DC9-EB118B69CC30}.Debug|Any CPU.Build.0 = Debug|Any CPU
		{14458CB3-AE70-4E71-9DC9-EB118B69CC30}.Release|Any CPU.ActiveCfg = Release|Any CPU
		{14458CB3-AE70-4E71-9DC9-EB118B69CC30}.Release|Any CPU.Build.0 = Release|Any CPU
		{8BC74244-15D6-4E3C-BA9A-2D3ED68287C5}.Debug|Any CPU.ActiveCfg = Debug|Any CPU
		{8BC74244-15D6-4E3C-BA9A-2D3ED68287C5}.Debug|Any CPU.Build.0 = Debug|Any CPU
		{8BC74244-15D6-4E3C-BA9A-2D3ED68287C5}.Release|Any CPU.ActiveCfg = Release|Any CPU
		{8BC74244-15D6-4E3C-BA9A-2D3ED68287C5}.Release|Any CPU.Build.0 = Release|Any CPU
	EndGlobalSection
	GlobalSection(SolutionProperties) = preSolution
		HideSolutionNode = FALSE
	EndGlobalSection
	GlobalSection(ExtensibilityGlobals) = postSolution
		SolutionGuid = {0AC28BDA-4017-456F-B09B-5E0F95122E29}
	EndGlobalSection
EndGlobal
